
Microsoft Visual Studio Solution File, Format Version 12.00
# Visual Studio Version 16
VisualStudioVersion = 16.0.30717.126
MinimumVisualStudioVersion = 10.0.40219.1
Project("{FAE04EC0-301F-11D3-BF4B-00C04F79EFBC}") = "Swellow.Blazor", "Swellow.Blazor.csproj", "{3379271B-DE8C-4026-8B3B-FEB85C8ACDFC}"
EndProject
Global
	GlobalSection(SolutionConfigurationPlatforms) = preSolution
		Debug|Any CPU = Debug|Any CPU
		Release|Any CPU = Release|Any CPU
	EndGlobalSection
	GlobalSection(ProjectConfigurationPlatforms) = postSolution
		{3379271B-DE8C-4026-8B3B-FEB85C8ACDFC}.Debug|Any CPU.ActiveCfg = Debug|Any CPU
		{3379271B-DE8C-4026-8B3B-FEB85C8ACDFC}.Debug|Any CPU.Build.0 = Debug|Any CPU
		{3379271B-DE8C-4026-8B3B-FEB85C8ACDFC}.Release|Any CPU.ActiveCfg = Release|Any CPU
		{3379271B-DE8C-4026-8B3B-FEB85C8ACDFC}.Release|Any CPU.Build.0 = Release|Any CPU
	EndGlobalSection
	GlobalSection(SolutionProperties) = preSolution
		HideSolutionNode = FALSE
	EndGlobalSection
	GlobalSection(ExtensibilityGlobals) = postSolution
		SolutionGuid = {812AAD26-67A6-486A-B1D2-D7E4616E8E94}
	EndGlobalSection
EndGlobal
